// !$*UTF8*$!
{
	archiveVersion = 1;
	classes = {
	};
	objectVersion = 46;
	objects = {

/* Begin PBXBuildFile section */
		8534A1A01D0F5B6500155A4B /* AppDelegate.swift in Sources */ = {isa = PBXBuildFile; fileRef = 8534A19F1D0F5B6500155A4B /* AppDelegate.swift */; };
		8534A1A21D0F5B6500155A4B /* ViewController.swift in Sources */ = {isa = PBXBuildFile; fileRef = 8534A1A11D0F5B6500155A4B /* ViewController.swift */; };
		8534A1A51D0F5B6500155A4B /* Main.storyboard in Resources */ = {isa = PBXBuildFile; fileRef = 8534A1A31D0F5B6500155A4B /* Main.storyboard */; };
		8534A1A71D0F5B6500155A4B /* Assets.xcassets in Resources */ = {isa = PBXBuildFile; fileRef = 8534A1A61D0F5B6500155A4B /* Assets.xcassets */; };
		8534A1AA1D0F5B6500155A4B /* LaunchScreen.storyboard in Resources */ = {isa = PBXBuildFile; fileRef = 8534A1A81D0F5B6500155A4B /* LaunchScreen.storyboard */; };
		8534A1D11D0F5C9700155A4B /* Tweet.swift in Sources */ = {isa = PBXBuildFile; fileRef = 8534A1D01D0F5C9700155A4B /* Tweet.swift */; };
		8534A1D31D0F5CB200155A4B /* User.swift in Sources */ = {isa = PBXBuildFile; fileRef = 8534A1D21D0F5CB200155A4B /* User.swift */; };
		8534A1D61D0F5DDD00155A4B /* tweet.json in Resources */ = {isa = PBXBuildFile; fileRef = 8534A1D51D0F5DDD00155A4B /* tweet.json */; };
		8534A1D81D0F61D300155A4B /* JSONParser.swift in Sources */ = {isa = PBXBuildFile; fileRef = 8534A1D71D0F61D300155A4B /* JSONParser.swift */; };
		85ED83C01D121062005DD5DC /* API.swift in Sources */ = {isa = PBXBuildFile; fileRef = 85ED83BF1D121062005DD5DC /* API.swift */; };
		85F717831D131DB4003A0534 /* Cache.swift in Sources */ = {isa = PBXBuildFile; fileRef = 85F717821D131DB4003A0534 /* Cache.swift */; };
		85F717871D136181003A0534 /* DetailViewController.swift in Sources */ = {isa = PBXBuildFile; fileRef = 85F717861D136181003A0534 /* DetailViewController.swift */; };
		85F717891D136965003A0534 /* Identity.swift in Sources */ = {isa = PBXBuildFile; fileRef = 85F717881D136965003A0534 /* Identity.swift */; };
		85F7178B1D136EBC003A0534 /* ProfileViewController.swift in Sources */ = {isa = PBXBuildFile; fileRef = 85F7178A1D136EBC003A0534 /* ProfileViewController.swift */; };
/* End PBXBuildFile section */

/* Begin PBXContainerItemProxy section */
		8534A1B11D0F5B6500155A4B /* PBXContainerItemProxy */ = {
			isa = PBXContainerItemProxy;
			containerPortal = 8534A1941D0F5B6500155A4B /* Project object */;
			proxyType = 1;
			remoteGlobalIDString = 8534A19B1D0F5B6500155A4B;
			remoteInfo = PianoBar;
		};
		8534A1BC1D0F5B6500155A4B /* PBXContainerItemProxy */ = {
			isa = PBXContainerItemProxy;
			containerPortal = 8534A1941D0F5B6500155A4B /* Project object */;
			proxyType = 1;
			remoteGlobalIDString = 8534A19B1D0F5B6500155A4B;
			remoteInfo = PianoBar;
		};
/* End PBXContainerItemProxy section */

/* Begin PBXFileReference section */
		8534A19C1D0F5B6500155A4B /* PianoBar.app */ = {isa = PBXFileReference; explicitFileType = wrapper.application; includeInIndex = 0; path = PianoBar.app; sourceTree = BUILT_PRODUCTS_DIR; };
		8534A19F1D0F5B6500155A4B /* AppDelegate.swift */ = {isa = PBXFileReference; lastKnownFileType = sourcecode.swift; path = AppDelegate.swift; sourceTree = "<group>"; };
		8534A1A11D0F5B6500155A4B /* ViewController.swift */ = {isa = PBXFileReference; lastKnownFileType = sourcecode.swift; path = ViewController.swift; sourceTree = "<group>"; };
		8534A1A41D0F5B6500155A4B /* Base */ = {isa = PBXFileReference; lastKnownFileType = file.storyboard; name = Base; path = Base.lproj/Main.storyboard; sourceTree = "<group>"; };
		8534A1A61D0F5B6500155A4B /* Assets.xcassets */ = {isa = PBXFileReference; lastKnownFileType = folder.assetcatalog; path = Assets.xcassets; sourceTree = "<group>"; };
		8534A1A91D0F5B6500155A4B /* Base */ = {isa = PBXFileReference; lastKnownFileType = file.storyboard; name = Base; path = Base.lproj/LaunchScreen.storyboard; sourceTree = "<group>"; };
		8534A1AB1D0F5B6500155A4B /* Info.plist */ = {isa = PBXFileReference; lastKnownFileType = text.plist.xml; path = Info.plist; sourceTree = "<group>"; };
		8534A1B01D0F5B6500155A4B /* PianoBarTests.xctest */ = {isa = PBXFileReference; explicitFileType = wrapper.cfbundle; includeInIndex = 0; path = PianoBarTests.xctest; sourceTree = BUILT_PRODUCTS_DIR; };
		8534A1BB1D0F5B6500155A4B /* PianoBarUITests.xctest */ = {isa = PBXFileReference; explicitFileType = wrapper.cfbundle; includeInIndex = 0; path = PianoBarUITests.xctest; sourceTree = BUILT_PRODUCTS_DIR; };
		8534A1D01D0F5C9700155A4B /* Tweet.swift */ = {isa = PBXFileReference; fileEncoding = 4; lastKnownFileType = sourcecode.swift; path = Tweet.swift; sourceTree = "<group>"; };
		8534A1D21D0F5CB200155A4B /* User.swift */ = {isa = PBXFileReference; fileEncoding = 4; lastKnownFileType = sourcecode.swift; path = User.swift; sourceTree = "<group>"; };
		8534A1D51D0F5DDD00155A4B /* tweet.json */ = {isa = PBXFileReference; fileEncoding = 4; lastKnownFileType = text.json; path = tweet.json; sourceTree = "<group>"; };
		8534A1D71D0F61D300155A4B /* JSONParser.swift */ = {isa = PBXFileReference; fileEncoding = 4; lastKnownFileType = sourcecode.swift; path = JSONParser.swift; sourceTree = "<group>"; };
		85ED83BF1D121062005DD5DC /* API.swift */ = {isa = PBXFileReference; fileEncoding = 4; lastKnownFileType = sourcecode.swift; path = API.swift; sourceTree = "<group>"; };
		85F717821D131DB4003A0534 /* Cache.swift */ = {isa = PBXFileReference; fileEncoding = 4; lastKnownFileType = sourcecode.swift; path = Cache.swift; sourceTree = "<group>"; };
		85F717861D136181003A0534 /* DetailViewController.swift */ = {isa = PBXFileReference; fileEncoding = 4; lastKnownFileType = sourcecode.swift; path = DetailViewController.swift; sourceTree = "<group>"; };
		85F717881D136965003A0534 /* Identity.swift */ = {isa = PBXFileReference; fileEncoding = 4; lastKnownFileType = sourcecode.swift; path = Identity.swift; sourceTree = "<group>"; };
		85F7178A1D136EBC003A0534 /* ProfileViewController.swift */ = {isa = PBXFileReference; fileEncoding = 4; lastKnownFileType = sourcecode.swift; path = ProfileViewController.swift; sourceTree = "<group>"; };
/* End PBXFileReference section */

/* Begin PBXFrameworksBuildPhase section */
		8534A1991D0F5B6500155A4B /* Frameworks */ = {
			isa = PBXFrameworksBuildPhase;
			buildActionMask = 2147483647;
			files = (
			);
			runOnlyForDeploymentPostprocessing = 0;
		};
		8534A1AD1D0F5B6500155A4B /* Frameworks */ = {
			isa = PBXFrameworksBuildPhase;
			buildActionMask = 2147483647;
			files = (
			);
			runOnlyForDeploymentPostprocessing = 0;
		};
		8534A1B81D0F5B6500155A4B /* Frameworks */ = {
			isa = PBXFrameworksBuildPhase;
			buildActionMask = 2147483647;
			files = (
			);
			runOnlyForDeploymentPostprocessing = 0;
		};
/* End PBXFrameworksBuildPhase section */

/* Begin PBXGroup section */
		8534A1931D0F5B6500155A4B = {
			isa = PBXGroup;
			children = (
				8534A19E1D0F5B6500155A4B /* PianoBar */,
				8534A19D1D0F5B6500155A4B /* Products */,
			);
			sourceTree = "<group>";
		};
		8534A19D1D0F5B6500155A4B /* Products */ = {
			isa = PBXGroup;
			children = (
				8534A19C1D0F5B6500155A4B /* PianoBar.app */,
				8534A1B01D0F5B6500155A4B /* PianoBarTests.xctest */,
				8534A1BB1D0F5B6500155A4B /* PianoBarUITests.xctest */,
			);
			name = Products;
			sourceTree = "<group>";
		};
		8534A19E1D0F5B6500155A4B /* PianoBar */ = {
			isa = PBXGroup;
			children = (
				8534A1CD1D0F5B9200155A4B /* App Global */,
				8534A1CE1D0F5C0B00155A4B /* Controller */,
				8534A1D41D0F5CBD00155A4B /* Model */,
				8534A1CF1D0F5C2100155A4B /* View */,
				8534A1D91D0F61E100155A4B /* Utilities */,
			);
			path = PianoBar;
			sourceTree = "<group>";
		};
		8534A1CD1D0F5B9200155A4B /* App Global */ = {
			isa = PBXGroup;
			children = (
				8534A19F1D0F5B6500155A4B /* AppDelegate.swift */,
				8534A1AB1D0F5B6500155A4B /* Info.plist */,
				8534A1D51D0F5DDD00155A4B /* tweet.json */,
				85F717821D131DB4003A0534 /* Cache.swift */,
				85F717881D136965003A0534 /* Identity.swift */,
			);
			name = "App Global";
			sourceTree = "<group>";
		};
		8534A1CE1D0F5C0B00155A4B /* Controller */ = {
			isa = PBXGroup;
			children = (
				85F717861D136181003A0534 /* DetailViewController.swift */,
				8534A1A11D0F5B6500155A4B /* ViewController.swift */,
				85F7178A1D136EBC003A0534 /* ProfileViewController.swift */,
			);
			name = Controller;
			sourceTree = "<group>";
		};
		8534A1CF1D0F5C2100155A4B /* View */ = {
			isa = PBXGroup;
			children = (
				8534A1A61D0F5B6500155A4B /* Assets.xcassets */,
				8534A1A81D0F5B6500155A4B /* LaunchScreen.storyboard */,
				8534A1A31D0F5B6500155A4B /* Main.storyboard */,
			);
			name = View;
			sourceTree = "<group>";
		};
		8534A1D41D0F5CBD00155A4B /* Model */ = {
			isa = PBXGroup;
			children = (
				8534A1D01D0F5C9700155A4B /* Tweet.swift */,
				8534A1D21D0F5CB200155A4B /* User.swift */,
			);
			name = Model;
			sourceTree = "<group>";
		};
		8534A1D91D0F61E100155A4B /* Utilities */ = {
			isa = PBXGroup;
			children = (
				85ED83BF1D121062005DD5DC /* API.swift */,
				8534A1D71D0F61D300155A4B /* JSONParser.swift */,
			);
			name = Utilities;
			sourceTree = "<group>";
		};
/* End PBXGroup section */

/* Begin PBXNativeTarget section */
		8534A19B1D0F5B6500155A4B /* PianoBar */ = {
			isa = PBXNativeTarget;
			buildConfigurationList = 8534A1C41D0F5B6500155A4B /* Build configuration list for PBXNativeTarget "PianoBar" */;
			buildPhases = (
				8534A1981D0F5B6500155A4B /* Sources */,
				8534A1991D0F5B6500155A4B /* Frameworks */,
				8534A19A1D0F5B6500155A4B /* Resources */,
			);
			buildRules = (
			);
			dependencies = (
			);
			name = PianoBar;
			productName = PianoBar;
			productReference = 8534A19C1D0F5B6500155A4B /* PianoBar.app */;
			productType = "com.apple.product-type.application";
		};
		8534A1AF1D0F5B6500155A4B /* PianoBarTests */ = {
			isa = PBXNativeTarget;
			buildConfigurationList = 8534A1C71D0F5B6500155A4B /* Build configuration list for PBXNativeTarget "PianoBarTests" */;
			buildPhases = (
				8534A1AC1D0F5B6500155A4B /* Sources */,
				8534A1AD1D0F5B6500155A4B /* Frameworks */,
				8534A1AE1D0F5B6500155A4B /* Resources */,
			);
			buildRules = (
			);
			dependencies = (
				8534A1B21D0F5B6500155A4B /* PBXTargetDependency */,
			);
			name = PianoBarTests;
			productName = PianoBarTests;
			productReference = 8534A1B01D0F5B6500155A4B /* PianoBarTests.xctest */;
			productType = "com.apple.product-type.bundle.unit-test";
		};
		8534A1BA1D0F5B6500155A4B /* PianoBarUITests */ = {
			isa = PBXNativeTarget;
			buildConfigurationList = 8534A1CA1D0F5B6500155A4B /* Build configuration list for PBXNativeTarget "PianoBarUITests" */;
			buildPhases = (
				8534A1B71D0F5B6500155A4B /* Sources */,
				8534A1B81D0F5B6500155A4B /* Frameworks */,
				8534A1B91D0F5B6500155A4B /* Resources */,
			);
			buildRules = (
			);
			dependencies = (
				8534A1BD1D0F5B6500155A4B /* PBXTargetDependency */,
			);
			name = PianoBarUITests;
			productName = PianoBarUITests;
			productReference = 8534A1BB1D0F5B6500155A4B /* PianoBarUITests.xctest */;
			productType = "com.apple.product-type.bundle.ui-testing";
		};
/* End PBXNativeTarget section */

/* Begin PBXProject section */
		8534A1941D0F5B6500155A4B /* Project object */ = {
			isa = PBXProject;
			attributes = {
				LastSwiftUpdateCheck = 0730;
				LastUpgradeCheck = 0730;
				ORGANIZATIONNAME = "David Swaintek";
				TargetAttributes = {
					8534A19B1D0F5B6500155A4B = {
						CreatedOnToolsVersion = 7.3.1;
					};
					8534A1AF1D0F5B6500155A4B = {
						CreatedOnToolsVersion = 7.3.1;
						TestTargetID = 8534A19B1D0F5B6500155A4B;
					};
					8534A1BA1D0F5B6500155A4B = {
						CreatedOnToolsVersion = 7.3.1;
						TestTargetID = 8534A19B1D0F5B6500155A4B;
					};
				};
			};
			buildConfigurationList = 8534A1971D0F5B6500155A4B /* Build configuration list for PBXProject "PianoBar" */;
			compatibilityVersion = "Xcode 3.2";
			developmentRegion = English;
			hasScannedForEncodings = 0;
			knownRegions = (
				en,
				Base,
			);
			mainGroup = 8534A1931D0F5B6500155A4B;
			productRefGroup = 8534A19D1D0F5B6500155A4B /* Products */;
			projectDirPath = "";
			projectRoot = "";
			targets = (
				8534A19B1D0F5B6500155A4B /* PianoBar */,
				8534A1AF1D0F5B6500155A4B /* PianoBarTests */,
				8534A1BA1D0F5B6500155A4B /* PianoBarUITests */,
			);
		};
/* End PBXProject section */

/* Begin PBXResourcesBuildPhase section */
		8534A19A1D0F5B6500155A4B /* Resources */ = {
			isa = PBXResourcesBuildPhase;
			buildActionMask = 2147483647;
			files = (
				8534A1AA1D0F5B6500155A4B /* LaunchScreen.storyboard in Resources */,
				8534A1A71D0F5B6500155A4B /* Assets.xcassets in Resources */,
				8534A1A51D0F5B6500155A4B /* Main.storyboard in Resources */,
				8534A1D61D0F5DDD00155A4B /* tweet.json in Resources */,
			);
			runOnlyForDeploymentPostprocessing = 0;
		};
		8534A1AE1D0F5B6500155A4B /* Resources */ = {
			isa = PBXResourcesBuildPhase;
			buildActionMask = 2147483647;
			files = (
			);
			runOnlyForDeploymentPostprocessing = 0;
		};
		8534A1B91D0F5B6500155A4B /* Resources */ = {
			isa = PBXResourcesBuildPhase;
			buildActionMask = 2147483647;
			files = (
			);
			runOnlyForDeploymentPostprocessing = 0;
		};
/* End PBXResourcesBuildPhase section */

/* Begin PBXSourcesBuildPhase section */
		8534A1981D0F5B6500155A4B /* Sources */ = {
			isa = PBXSourcesBuildPhase;
			buildActionMask = 2147483647;
			files = (
				85F717831D131DB4003A0534 /* Cache.swift in Sources */,
				85F717891D136965003A0534 /* Identity.swift in Sources */,
				85F7178B1D136EBC003A0534 /* ProfileViewController.swift in Sources */,
				8534A1D31D0F5CB200155A4B /* User.swift in Sources */,
				8534A1D81D0F61D300155A4B /* JSONParser.swift in Sources */,
				8534A1D11D0F5C9700155A4B /* Tweet.swift in Sources */,
				8534A1A21D0F5B6500155A4B /* ViewController.swift in Sources */,
				85ED83C01D121062005DD5DC /* API.swift in Sources */,
				8534A1A01D0F5B6500155A4B /* AppDelegate.swift in Sources */,
				85F717871D136181003A0534 /* DetailViewController.swift in Sources */,
			);
			runOnlyForDeploymentPostprocessing = 0;
		};
		8534A1AC1D0F5B6500155A4B /* Sources */ = {
			isa = PBXSourcesBuildPhase;
			buildActionMask = 2147483647;
			files = (
			);
			runOnlyForDeploymentPostprocessing = 0;
		};
		8534A1B71D0F5B6500155A4B /* Sources */ = {
			isa = PBXSourcesBuildPhase;
			buildActionMask = 2147483647;
			files = (
			);
			runOnlyForDeploymentPostprocessing = 0;
		};
/* End PBXSourcesBuildPhase section */

/* Begin PBXTargetDependency section */
		8534A1B21D0F5B6500155A4B /* PBXTargetDependency */ = {
			isa = PBXTargetDependency;
			target = 8534A19B1D0F5B6500155A4B /* PianoBar */;
			targetProxy = 8534A1B11D0F5B6500155A4B /* PBXContainerItemProxy */;
		};
		8534A1BD1D0F5B6500155A4B /* PBXTargetDependency */ = {
			isa = PBXTargetDependency;
			target = 8534A19B1D0F5B6500155A4B /* PianoBar */;
			targetProxy = 8534A1BC1D0F5B6500155A4B /* PBXContainerItemProxy */;
		};
/* End PBXTargetDependency section */

/* Begin PBXVariantGroup section */
		8534A1A31D0F5B6500155A4B /* Main.storyboard */ = {
			isa = PBXVariantGroup;
			children = (
				8534A1A41D0F5B6500155A4B /* Base */,
			);
			name = Main.storyboard;
			sourceTree = "<group>";
		};
		8534A1A81D0F5B6500155A4B /* LaunchScreen.storyboard */ = {
			isa = PBXVariantGroup;
			children = (
				8534A1A91D0F5B6500155A4B /* Base */,
			);
			name = LaunchScreen.storyboard;
			sourceTree = "<group>";
		};
/* End PBXVariantGroup section */

/* Begin XCBuildConfiguration section */
		8534A1C21D0F5B6500155A4B /* Debug */ = {
			isa = XCBuildConfiguration;
			buildSettings = {
				ALWAYS_SEARCH_USER_PATHS = NO;
				CLANG_ANALYZER_NONNULL = YES;
				CLANG_CXX_LANGUAGE_STANDARD = "gnu++0x";
				CLANG_CXX_LIBRARY = "libc++";
				CLANG_ENABLE_MODULES = YES;
				CLANG_ENABLE_OBJC_ARC = YES;
				CLANG_WARN_BOOL_CONVERSION = YES;
				CLANG_WARN_CONSTANT_CONVERSION = YES;
				CLANG_WARN_DIRECT_OBJC_ISA_USAGE = YES_ERROR;
				CLANG_WARN_EMPTY_BODY = YES;
				CLANG_WARN_ENUM_CONVERSION = YES;
				CLANG_WARN_INT_CONVERSION = YES;
				CLANG_WARN_OBJC_ROOT_CLASS = YES_ERROR;
				CLANG_WARN_UNREACHABLE_CODE = YES;
				CLANG_WARN__DUPLICATE_METHOD_MATCH = YES;
				"CODE_SIGN_IDENTITY[sdk=iphoneos*]" = "iPhone Developer";
				COPY_PHASE_STRIP = NO;
				DEBUG_INFORMATION_FORMAT = dwarf;
				ENABLE_STRICT_OBJC_MSGSEND = YES;
				ENABLE_TESTABILITY = YES;
				GCC_C_LANGUAGE_STANDARD = gnu99;
				GCC_DYNAMIC_NO_PIC = NO;
				GCC_NO_COMMON_BLOCKS = YES;
				GCC_OPTIMIZATION_LEVEL = 0;
				GCC_PREPROCESSOR_DEFINITIONS = (
					"DEBUG=1",
					"$(inherited)",
				);
				GCC_WARN_64_TO_32_BIT_CONVERSION = YES;
				GCC_WARN_ABOUT_RETURN_TYPE = YES_ERROR;
				GCC_WARN_UNDECLARED_SELECTOR = YES;
				GCC_WARN_UNINITIALIZED_AUTOS = YES_AGGRESSIVE;
				GCC_WARN_UNUSED_FUNCTION = YES;
				GCC_WARN_UNUSED_VARIABLE = YES;
				IPHONEOS_DEPLOYMENT_TARGET = 9.3;
				MTL_ENABLE_DEBUG_INFO = YES;
				ONLY_ACTIVE_ARCH = YES;
				SDKROOT = iphoneos;
				SWIFT_OPTIMIZATION_LEVEL = "-Onone";
				TARGETED_DEVICE_FAMILY = "1,2";
			};
			name = Debug;
		};
		8534A1C31D0F5B6500155A4B /* Release */ = {
			isa = XCBuildConfiguration;
			buildSettings = {
				ALWAYS_SEARCH_USER_PATHS = NO;
				CLANG_ANALYZER_NONNULL = YES;
				CLANG_CXX_LANGUAGE_STANDARD = "gnu++0x";
				CLANG_CXX_LIBRARY = "libc++";
				CLANG_ENABLE_MODULES = YES;
				CLANG_ENABLE_OBJC_ARC = YES;
				CLANG_WARN_BOOL_CONVERSION = YES;
				CLANG_WARN_CONSTANT_CONVERSION = YES;
				CLANG_WARN_DIRECT_OBJC_ISA_USAGE = YES_ERROR;
				CLANG_WARN_EMPTY_BODY = YES;
				CLANG_WARN_ENUM_CONVERSION = YES;
				CLANG_WARN_INT_CONVERSION = YES;
				CLANG_WARN_OBJC_ROOT_CLASS = YES_ERROR;
				CLANG_WARN_UNREACHABLE_CODE = YES;
				CLANG_WARN__DUPLICATE_METHOD_MATCH = YES;
				"CODE_SIGN_IDENTITY[sdk=iphoneos*]" = "iPhone Developer";
				COPY_PHASE_STRIP = NO;
				DEBUG_INFORMATION_FORMAT = "dwarf-with-dsym";
				ENABLE_NS_ASSERTIONS = NO;
				ENABLE_STRICT_OBJC_MSGSEND = YES;
				GCC_C_LANGUAGE_STANDARD = gnu99;
				GCC_NO_COMMON_BLOCKS = YES;
				GCC_WARN_64_TO_32_BIT_CONVERSION = YES;
				GCC_WARN_ABOUT_RETURN_TYPE = YES_ERROR;
				GCC_WARN_UNDECLARED_SELECTOR = YES;
				GCC_WARN_UNINITIALIZED_AUTOS = YES_AGGRESSIVE;
				GCC_WARN_UNUSED_FUNCTION = YES;
				GCC_WARN_UNUSED_VARIABLE = YES;
				IPHONEOS_DEPLOYMENT_TARGET = 9.3;
				MTL_ENABLE_DEBUG_INFO = NO;
				SDKROOT = iphoneos;
				TARGETED_DEVICE_FAMILY = "1,2";
				VALIDATE_PRODUCT = YES;
			};
			name = Release;
		};
		8534A1C51D0F5B6500155A4B /* Debug */ = {
			isa = XCBuildConfiguration;
			buildSettings = {
				ASSETCATALOG_COMPILER_APPICON_NAME = AppIcon;
				INFOPLIST_FILE = PianoBar/Info.plist;
				LD_RUNPATH_SEARCH_PATHS = "$(inherited) @executable_path/Frameworks";
				PRODUCT_BUNDLE_IDENTIFIER = com.PianoBar;
				PRODUCT_NAME = "$(TARGET_NAME)";
			};
			name = Debug;
		};
		8534A1C61D0F5B6500155A4B /* Release */ = {
			isa = XCBuildConfiguration;
			buildSettings = {
				ASSETCATALOG_COMPILER_APPICON_NAME = AppIcon;
				INFOPLIST_FILE = PianoBar/Info.plist;
				LD_RUNPATH_SEARCH_PATHS = "$(inherited) @executable_path/Frameworks";
				PRODUCT_BUNDLE_IDENTIFIER = com.PianoBar;
				PRODUCT_NAME = "$(TARGET_NAME)";
			};
			name = Release;
		};
		8534A1C81D0F5B6500155A4B /* Debug */ = {
			isa = XCBuildConfiguration;
			buildSettings = {
				BUNDLE_LOADER = "$(TEST_HOST)";
				INFOPLIST_FILE = PianoBarTests/Info.plist;
				LD_RUNPATH_SEARCH_PATHS = "$(inherited) @executable_path/Frameworks @loader_path/Frameworks";
				PRODUCT_BUNDLE_IDENTIFIER = com.PianoBarTests;
				PRODUCT_NAME = "$(TARGET_NAME)";
				TEST_HOST = "$(BUILT_PRODUCTS_DIR)/PianoBar.app/PianoBar";
			};
			name = Debug;
		};
		8534A1C91D0F5B6500155A4B /* Release */ = {
			isa = XCBuildConfiguration;
			buildSettings = {
				BUNDLE_LOADER = "$(TEST_HOST)";
				INFOPLIST_FILE = PianoBarTests/Info.plist;
				LD_RUNPATH_SEARCH_PATHS = "$(inherited) @executable_path/Frameworks @loader_path/Frameworks";
				PRODUCT_BUNDLE_IDENTIFIER = com.PianoBarTests;
				PRODUCT_NAME = "$(TARGET_NAME)";
				TEST_HOST = "$(BUILT_PRODUCTS_DIR)/PianoBar.app/PianoBar";
			};
			name = Release;
		};
		8534A1CB1D0F5B6500155A4B /* Debug */ = {
			isa = XCBuildConfiguration;
			buildSettings = {
				INFOPLIST_FILE = PianoBarUITests/Info.plist;
				LD_RUNPATH_SEARCH_PATHS = "$(inherited) @executable_path/Frameworks @loader_path/Frameworks";
				PRODUCT_BUNDLE_IDENTIFIER = com.PianoBarUITests;
				PRODUCT_NAME = "$(TARGET_NAME)";
				TEST_TARGET_NAME = PianoBar;
			};
			name = Debug;
		};
		8534A1CC1D0F5B6500155A4B /* Release */ = {
			isa = XCBuildConfiguration;
			buildSettings = {
				INFOPLIST_FILE = PianoBarUITests/Info.plist;
				LD_RUNPATH_SEARCH_PATHS = "$(inherited) @executable_path/Frameworks @loader_path/Frameworks";
				PRODUCT_BUNDLE_IDENTIFIER = com.PianoBarUITests;
				PRODUCT_NAME = "$(TARGET_NAME)";
				TEST_TARGET_NAME = PianoBar;
			};
			name = Release;
		};
/* End XCBuildConfiguration section */

/* Begin XCConfigurationList section */
		8534A1971D0F5B6500155A4B /* Build configuration list for PBXProject "PianoBar" */ = {
			isa = XCConfigurationList;
			buildConfigurations = (
				8534A1C21D0F5B6500155A4B /* Debug */,
				8534A1C31D0F5B6500155A4B /* Release */,
			);
			defaultConfigurationIsVisible = 0;
			defaultConfigurationName = Release;
		};
		8534A1C41D0F5B6500155A4B /* Build configuration list for PBXNativeTarget "PianoBar" */ = {
			isa = XCConfigurationList;
			buildConfigurations = (
				8534A1C51D0F5B6500155A4B /* Debug */,
				8534A1C61D0F5B6500155A4B /* Release */,
			);
			defaultConfigurationIsVisible = 0;
			defaultConfigurationName = Release;
		};
		8534A1C71D0F5B6500155A4B /* Build configuration list for PBXNativeTarget "PianoBarTests" */ = {
			isa = XCConfigurationList;
			buildConfigurations = (
				8534A1C81D0F5B6500155A4B /* Debug */,
				8534A1C91D0F5B6500155A4B /* Release */,
			);
			defaultConfigurationIsVisible = 0;
			defaultConfigurationName = Release;
		};
		8534A1CA1D0F5B6500155A4B /* Build configuration list for PBXNativeTarget "PianoBarUITests" */ = {
			isa = XCConfigurationList;
			buildConfigurations = (
				8534A1CB1D0F5B6500155A4B /* Debug */,
				8534A1CC1D0F5B6500155A4B /* Release */,
			);
			defaultConfigurationIsVisible = 0;
			defaultConfigurationName = Release;
		};
/* End XCConfigurationList section */
	};
	rootObject = 8534A1941D0F5B6500155A4B /* Project object */;
}
